// !$*UTF8*$!
{
	archiveVersion = 1;
	classes = {
	};
	objectVersion = 46;
	objects = {

/* Begin PBXBuildFile section */
		49C574221F42A2200003FFEA /* AppDelegate.swift in Sources */ = {isa = PBXBuildFile; fileRef = 49C574211F42A2200003FFEA /* AppDelegate.swift */; };
		49C574241F42A2200003FFEA /* ViewController.swift in Sources */ = {isa = PBXBuildFile; fileRef = 49C574231F42A2200003FFEA /* ViewController.swift */; };
		49C574271F42A2200003FFEA /* Main.storyboard in Resources */ = {isa = PBXBuildFile; fileRef = 49C574251F42A2200003FFEA /* Main.storyboard */; };
		49C574291F42A2200003FFEA /* Assets.xcassets in Resources */ = {isa = PBXBuildFile; fileRef = 49C574281F42A2200003FFEA /* Assets.xcassets */; };
		49C5742C1F42A2200003FFEA /* LaunchScreen.storyboard in Resources */ = {isa = PBXBuildFile; fileRef = 49C5742A1F42A2200003FFEA /* LaunchScreen.storyboard */; };
		49C574371F42A2200003FFEA /* SelfigramTests.swift in Sources */ = {isa = PBXBuildFile; fileRef = 49C574361F42A2200003FFEA /* SelfigramTests.swift */; };
		49C574421F42A2200003FFEA /* SelfigramUITests.swift in Sources */ = {isa = PBXBuildFile; fileRef = 49C574411F42A2200003FFEA /* SelfigramUITests.swift */; };
/* End PBXBuildFile section */

/* Begin PBXContainerItemProxy section */
		49C574331F42A2200003FFEA /* PBXContainerItemProxy */ = {
			isa = PBXContainerItemProxy;
			containerPortal = 49C574161F42A2200003FFEA /* Project object */;
			proxyType = 1;
			remoteGlobalIDString = 49C5741D1F42A2200003FFEA;
			remoteInfo = Selfigram;
		};
		49C5743E1F42A2200003FFEA /* PBXContainerItemProxy */ = {
			isa = PBXContainerItemProxy;
			containerPortal = 49C574161F42A2200003FFEA /* Project object */;
			proxyType = 1;
			remoteGlobalIDString = 49C5741D1F42A2200003FFEA;
			remoteInfo = Selfigram;
		};
/* End PBXContainerItemProxy section */

/* Begin PBXFileReference section */
		49C5741E1F42A2200003FFEA /* Selfigram.app */ = {isa = PBXFileReference; explicitFileType = wrapper.application; includeInIndex = 0; path = Selfigram.app; sourceTree = BUILT_PRODUCTS_DIR; };
		49C574211F42A2200003FFEA /* AppDelegate.swift */ = {isa = PBXFileReference; lastKnownFileType = sourcecode.swift; path = AppDelegate.swift; sourceTree = "<group>"; };
		49C574231F42A2200003FFEA /* ViewController.swift */ = {isa = PBXFileReference; lastKnownFileType = sourcecode.swift; path = ViewController.swift; sourceTree = "<group>"; };
		49C574261F42A2200003FFEA /* Base */ = {isa = PBXFileReference; lastKnownFileType = file.storyboard; name = Base; path = Base.lproj/Main.storyboard; sourceTree = "<group>"; };
		49C574281F42A2200003FFEA /* Assets.xcassets */ = {isa = PBXFileReference; lastKnownFileType = folder.assetcatalog; path = Assets.xcassets; sourceTree = "<group>"; };
		49C5742B1F42A2200003FFEA /* Base */ = {isa = PBXFileReference; lastKnownFileType = file.storyboard; name = Base; path = Base.lproj/LaunchScreen.storyboard; sourceTree = "<group>"; };
		49C5742D1F42A2200003FFEA /* Info.plist */ = {isa = PBXFileReference; lastKnownFileType = text.plist.xml; path = Info.plist; sourceTree = "<group>"; };
		49C574321F42A2200003FFEA /* SelfigramTests.xctest */ = {isa = PBXFileReference; explicitFileType = wrapper.cfbundle; includeInIndex = 0; path = SelfigramTests.xctest; sourceTree = BUILT_PRODUCTS_DIR; };
		49C574361F42A2200003FFEA /* SelfigramTests.swift */ = {isa = PBXFileReference; lastKnownFileType = sourcecode.swift; path = SelfigramTests.swift; sourceTree = "<group>"; };
		49C574381F42A2200003FFEA /* Info.plist */ = {isa = PBXFileReference; lastKnownFileType = text.plist.xml; path = Info.plist; sourceTree = "<group>"; };
		49C5743D1F42A2200003FFEA /* SelfigramUITests.xctest */ = {isa = PBXFileReference; explicitFileType = wrapper.cfbundle; includeInIndex = 0; path = SelfigramUITests.xctest; sourceTree = BUILT_PRODUCTS_DIR; };
		49C574411F42A2200003FFEA /* SelfigramUITests.swift */ = {isa = PBXFileReference; lastKnownFileType = sourcecode.swift; path = SelfigramUITests.swift; sourceTree = "<group>"; };
		49C574431F42A2200003FFEA /* Info.plist */ = {isa = PBXFileReference; lastKnownFileType = text.plist.xml; path = Info.plist; sourceTree = "<group>"; };
/* End PBXFileReference section */

/* Begin PBXFrameworksBuildPhase section */
		49C5741B1F42A2200003FFEA /* Frameworks */ = {
			isa = PBXFrameworksBuildPhase;
			buildActionMask = 2147483647;
			files = (
			);
			runOnlyForDeploymentPostprocessing = 0;
		};
		49C5742F1F42A2200003FFEA /* Frameworks */ = {
			isa = PBXFrameworksBuildPhase;
			buildActionMask = 2147483647;
			files = (
			);
			runOnlyForDeploymentPostprocessing = 0;
		};
		49C5743A1F42A2200003FFEA /* Frameworks */ = {
			isa = PBXFrameworksBuildPhase;
			buildActionMask = 2147483647;
			files = (
			);
			runOnlyForDeploymentPostprocessing = 0;
		};
/* End PBXFrameworksBuildPhase section */

/* Begin PBXGroup section */
		49C574151F42A2200003FFEA = {
			isa = PBXGroup;
			children = (
				49C574201F42A2200003FFEA /* Selfigram */,
				49C574351F42A2200003FFEA /* SelfigramTests */,
				49C574401F42A2200003FFEA /* SelfigramUITests */,
				49C5741F1F42A2200003FFEA /* Products */,
			);
			sourceTree = "<group>";
		};
		49C5741F1F42A2200003FFEA /* Products */ = {
			isa = PBXGroup;
			children = (
				49C5741E1F42A2200003FFEA /* Selfigram.app */,
				49C574321F42A2200003FFEA /* SelfigramTests.xctest */,
				49C5743D1F42A2200003FFEA /* SelfigramUITests.xctest */,
			);
			name = Products;
			sourceTree = "<group>";
		};
		49C574201F42A2200003FFEA /* Selfigram */ = {
			isa = PBXGroup;
			children = (
				49C574211F42A2200003FFEA /* AppDelegate.swift */,
				49C574231F42A2200003FFEA /* ViewController.swift */,
				49C574251F42A2200003FFEA /* Main.storyboard */,
				49C574281F42A2200003FFEA /* Assets.xcassets */,
				49C5742A1F42A2200003FFEA /* LaunchScreen.storyboard */,
				49C5742D1F42A2200003FFEA /* Info.plist */,
			);
			path = Selfigram;
			sourceTree = "<group>";
		};
		49C574351F42A2200003FFEA /* SelfigramTests */ = {
			isa = PBXGroup;
			children = (
				49C574361F42A2200003FFEA /* SelfigramTests.swift */,
				49C574381F42A2200003FFEA /* Info.plist */,
			);
			path = SelfigramTests;
			sourceTree = "<group>";
		};
		49C574401F42A2200003FFEA /* SelfigramUITests */ = {
			isa = PBXGroup;
			children = (
				49C574411F42A2200003FFEA /* SelfigramUITests.swift */,
				49C574431F42A2200003FFEA /* Info.plist */,
			);
			path = SelfigramUITests;
			sourceTree = "<group>";
		};
/* End PBXGroup section */

/* Begin PBXNativeTarget section */
		49C5741D1F42A2200003FFEA /* Selfigram */ = {
			isa = PBXNativeTarget;
			buildConfigurationList = 49C574461F42A2200003FFEA /* Build configuration list for PBXNativeTarget "Selfigram" */;
			buildPhases = (
				49C5741A1F42A2200003FFEA /* Sources */,
				49C5741B1F42A2200003FFEA /* Frameworks */,
				49C5741C1F42A2200003FFEA /* Resources */,
			);
			buildRules = (
			);
			dependencies = (
			);
			name = Selfigram;
			productName = Selfigram;
			productReference = 49C5741E1F42A2200003FFEA /* Selfigram.app */;
			productType = "com.apple.product-type.application";
		};
		49C574311F42A2200003FFEA /* SelfigramTests */ = {
			isa = PBXNativeTarget;
			buildConfigurationList = 49C574491F42A2200003FFEA /* Build configuration list for PBXNativeTarget "SelfigramTests" */;
			buildPhases = (
				49C5742E1F42A2200003FFEA /* Sources */,
				49C5742F1F42A2200003FFEA /* Frameworks */,
				49C574301F42A2200003FFEA /* Resources */,
			);
			buildRules = (
			);
			dependencies = (
				49C574341F42A2200003FFEA /* PBXTargetDependency */,
			);
			name = SelfigramTests;
			productName = SelfigramTests;
			productReference = 49C574321F42A2200003FFEA /* SelfigramTests.xctest */;
			productType = "com.apple.product-type.bundle.unit-test";
		};
		49C5743C1F42A2200003FFEA /* SelfigramUITests */ = {
			isa = PBXNativeTarget;
			buildConfigurationList = 49C5744C1F42A2200003FFEA /* Build configuration list for PBXNativeTarget "SelfigramUITests" */;
			buildPhases = (
				49C574391F42A2200003FFEA /* Sources */,
				49C5743A1F42A2200003FFEA /* Frameworks */,
				49C5743B1F42A2200003FFEA /* Resources */,
			);
			buildRules = (
			);
			dependencies = (
				49C5743F1F42A2200003FFEA /* PBXTargetDependency */,
			);
			name = SelfigramUITests;
			productName = SelfigramUITests;
			productReference = 49C5743D1F42A2200003FFEA /* SelfigramUITests.xctest */;
			productType = "com.apple.product-type.bundle.ui-testing";
		};
/* End PBXNativeTarget section */

/* Begin PBXProject section */
		49C574161F42A2200003FFEA /* Project object */ = {
			isa = PBXProject;
			attributes = {
				LastSwiftUpdateCheck = 0830;
				LastUpgradeCheck = 0830;
				ORGANIZATIONNAME = "Connie Chinack";
				TargetAttributes = {
					49C5741D1F42A2200003FFEA = {
						CreatedOnToolsVersion = 8.3.3;
						ProvisioningStyle = Automatic;
					};
					49C574311F42A2200003FFEA = {
						CreatedOnToolsVersion = 8.3.3;
						ProvisioningStyle = Automatic;
						TestTargetID = 49C5741D1F42A2200003FFEA;
					};
					49C5743C1F42A2200003FFEA = {
						CreatedOnToolsVersion = 8.3.3;
						ProvisioningStyle = Automatic;
						TestTargetID = 49C5741D1F42A2200003FFEA;
					};
				};
			};
			buildConfigurationList = 49C574191F42A2200003FFEA /* Build configuration list for PBXProject "Selfigram" */;
			compatibilityVersion = "Xcode 3.2";
			developmentRegion = English;
			hasScannedForEncodings = 0;
			knownRegions = (
				en,
				Base,
			);
			mainGroup = 49C574151F42A2200003FFEA;
			productRefGroup = 49C5741F1F42A2200003FFEA /* Products */;
			projectDirPath = "";
			projectRoot = "";
			targets = (
				49C5741D1F42A2200003FFEA /* Selfigram */,
				49C574311F42A2200003FFEA /* SelfigramTests */,
				49C5743C1F42A2200003FFEA /* SelfigramUITests */,
			);
		};
/* End PBXProject section */

/* Begin PBXResourcesBuildPhase section */
		49C5741C1F42A2200003FFEA /* Resources */ = {
			isa = PBXResourcesBuildPhase;
			buildActionMask = 2147483647;
			files = (
				49C5742C1F42A2200003FFEA /* LaunchScreen.storyboard in Resources */,
				49C574291F42A2200003FFEA /* Assets.xcassets in Resources */,
				49C574271F42A2200003FFEA /* Main.storyboard in Resources */,
			);
			runOnlyForDeploymentPostprocessing = 0;
		};
		49C574301F42A2200003FFEA /* Resources */ = {
			isa = PBXResourcesBuildPhase;
			buildActionMask = 2147483647;
			files = (
			);
			runOnlyForDeploymentPostprocessing = 0;
		};
		49C5743B1F42A2200003FFEA /* Resources */ = {
			isa = PBXResourcesBuildPhase;
			buildActionMask = 2147483647;
			files = (
			);
			runOnlyForDeploymentPostprocessing = 0;
		};
/* End PBXResourcesBuildPhase section */

/* Begin PBXSourcesBuildPhase section */
		49C5741A1F42A2200003FFEA /* Sources */ = {
			isa = PBXSourcesBuildPhase;
			buildActionMask = 2147483647;
			files = (
				49C574241F42A2200003FFEA /* ViewController.swift in Sources */,
				49C574221F42A2200003FFEA /* AppDelegate.swift in Sources */,
			);
			runOnlyForDeploymentPostprocessing = 0;
		};
		49C5742E1F42A2200003FFEA /* Sources */ = {
			isa = PBXSourcesBuildPhase;
			buildActionMask = 2147483647;
			files = (
				49C574371F42A2200003FFEA /* SelfigramTests.swift in Sources */,
			);
			runOnlyForDeploymentPostprocessing = 0;
		};
		49C574391F42A2200003FFEA /* Sources */ = {
			isa = PBXSourcesBuildPhase;
			buildActionMask = 2147483647;
			files = (
				49C574421F42A2200003FFEA /* SelfigramUITests.swift in Sources */,
			);
			runOnlyForDeploymentPostprocessing = 0;
		};
/* End PBXSourcesBuildPhase section */

/* Begin PBXTargetDependency section */
		49C574341F42A2200003FFEA /* PBXTargetDependency */ = {
			isa = PBXTargetDependency;
			target = 49C5741D1F42A2200003FFEA /* Selfigram */;
			targetProxy = 49C574331F42A2200003FFEA /* PBXContainerItemProxy */;
		};
		49C5743F1F42A2200003FFEA /* PBXTargetDependency */ = {
			isa = PBXTargetDependency;
			target = 49C5741D1F42A2200003FFEA /* Selfigram */;
			targetProxy = 49C5743E1F42A2200003FFEA /* PBXContainerItemProxy */;
		};
/* End PBXTargetDependency section */

/* Begin PBXVariantGroup section */
		49C574251F42A2200003FFEA /* Main.storyboard */ = {
			isa = PBXVariantGroup;
			children = (
				49C574261F42A2200003FFEA /* Base */,
			);
			name = Main.storyboard;
			sourceTree = "<group>";
		};
		49C5742A1F42A2200003FFEA /* LaunchScreen.storyboard */ = {
			isa = PBXVariantGroup;
			children = (
				49C5742B1F42A2200003FFEA /* Base */,
			);
			name = LaunchScreen.storyboard;
			sourceTree = "<group>";
		};
/* End PBXVariantGroup section */

/* Begin XCBuildConfiguration section */
		49C574441F42A2200003FFEA /* Debug */ = {
			isa = XCBuildConfiguration;
			buildSettings = {
				ALWAYS_SEARCH_USER_PATHS = NO;
				CLANG_ANALYZER_NONNULL = YES;
				CLANG_ANALYZER_NUMBER_OBJECT_CONVERSION = YES_AGGRESSIVE;
				CLANG_CXX_LANGUAGE_STANDARD = "gnu++0x";
				CLANG_CXX_LIBRARY = "libc++";
				CLANG_ENABLE_MODULES = YES;
				CLANG_ENABLE_OBJC_ARC = YES;
				CLANG_WARN_BOOL_CONVERSION = YES;
				CLANG_WARN_CONSTANT_CONVERSION = YES;
				CLANG_WARN_DIRECT_OBJC_ISA_USAGE = YES_ERROR;
				CLANG_WARN_DOCUMENTATION_COMMENTS = YES;
				CLANG_WARN_EMPTY_BODY = YES;
				CLANG_WARN_ENUM_CONVERSION = YES;
				CLANG_WARN_INFINITE_RECURSION = YES;
				CLANG_WARN_INT_CONVERSION = YES;
				CLANG_WARN_OBJC_ROOT_CLASS = YES_ERROR;
				CLANG_WARN_SUSPICIOUS_MOVE = YES;
				CLANG_WARN_UNREACHABLE_CODE = YES;
				CLANG_WARN__DUPLICATE_METHOD_MATCH = YES;
				"CODE_SIGN_IDENTITY[sdk=iphoneos*]" = "iPhone Developer";
				COPY_PHASE_STRIP = NO;
				DEBUG_INFORMATION_FORMAT = dwarf;
				ENABLE_STRICT_OBJC_MSGSEND = YES;
				ENABLE_TESTABILITY = YES;
				GCC_C_LANGUAGE_STANDARD = gnu99;
				GCC_DYNAMIC_NO_PIC = NO;
				GCC_NO_COMMON_BLOCKS = YES;
				GCC_OPTIMIZATION_LEVEL = 0;
				GCC_PREPROCESSOR_DEFINITIONS = (
					"DEBUG=1",
					"$(inherited)",
				);
				GCC_WARN_64_TO_32_BIT_CONVERSION = YES;
				GCC_WARN_ABOUT_RETURN_TYPE = YES_ERROR;
				GCC_WARN_UNDECLARED_SELECTOR = YES;
				GCC_WARN_UNINITIALIZED_AUTOS = YES_AGGRESSIVE;
				GCC_WARN_UNUSED_FUNCTION = YES;
				GCC_WARN_UNUSED_VARIABLE = YES;
				IPHONEOS_DEPLOYMENT_TARGET = 10.3;
				MTL_ENABLE_DEBUG_INFO = YES;
				ONLY_ACTIVE_ARCH = YES;
				SDKROOT = iphoneos;
				SWIFT_ACTIVE_COMPILATION_CONDITIONS = DEBUG;
				SWIFT_OPTIMIZATION_LEVEL = "-Onone";
				TARGETED_DEVICE_FAMILY = "1,2";
			};
			name = Debug;
		};
		49C574451F42A2200003FFEA /* Release */ = {
			isa = XCBuildConfiguration;
			buildSettings = {
				ALWAYS_SEARCH_USER_PATHS = NO;
				CLANG_ANALYZER_NONNULL = YES;
				CLANG_ANALYZER_NUMBER_OBJECT_CONVERSION = YES_AGGRESSIVE;
				CLANG_CXX_LANGUAGE_STANDARD = "gnu++0x";
				CLANG_CXX_LIBRARY = "libc++";
				CLANG_ENABLE_MODULES = YES;
				CLANG_ENABLE_OBJC_ARC = YES;
				CLANG_WARN_BOOL_CONVERSION = YES;
				CLANG_WARN_CONSTANT_CONVERSION = YES;
				CLANG_WARN_DIRECT_OBJC_ISA_USAGE = YES_ERROR;
				CLANG_WARN_DOCUMENTATION_COMMENTS = YES;
				CLANG_WARN_EMPTY_BODY = YES;
				CLANG_WARN_ENUM_CONVERSION = YES;
				CLANG_WARN_INFINITE_RECURSION = YES;
				CLANG_WARN_INT_CONVERSION = YES;
				CLANG_WARN_OBJC_ROOT_CLASS = YES_ERROR;
				CLANG_WARN_SUSPICIOUS_MOVE = YES;
				CLANG_WARN_UNREACHABLE_CODE = YES;
				CLANG_WARN__DUPLICATE_METHOD_MATCH = YES;
				"CODE_SIGN_IDENTITY[sdk=iphoneos*]" = "iPhone Developer";
				COPY_PHASE_STRIP = NO;
				DEBUG_INFORMATION_FORMAT = "dwarf-with-dsym";
				ENABLE_NS_ASSERTIONS = NO;
				ENABLE_STRICT_OBJC_MSGSEND = YES;
				GCC_C_LANGUAGE_STANDARD = gnu99;
				GCC_NO_COMMON_BLOCKS = YES;
				GCC_WARN_64_TO_32_BIT_CONVERSION = YES;
				GCC_WARN_ABOUT_RETURN_TYPE = YES_ERROR;
				GCC_WARN_UNDECLARED_SELECTOR = YES;
				GCC_WARN_UNINITIALIZED_AUTOS = YES_AGGRESSIVE;
				GCC_WARN_UNUSED_FUNCTION = YES;
				GCC_WARN_UNUSED_VARIABLE = YES;
				IPHONEOS_DEPLOYMENT_TARGET = 10.3;
				MTL_ENABLE_DEBUG_INFO = NO;
				SDKROOT = iphoneos;
				SWIFT_OPTIMIZATION_LEVEL = "-Owholemodule";
				TARGETED_DEVICE_FAMILY = "1,2";
				VALIDATE_PRODUCT = YES;
			};
			name = Release;
		};
		49C574471F42A2200003FFEA /* Debug */ = {
			isa = XCBuildConfiguration;
			buildSettings = {
				ASSETCATALOG_COMPILER_APPICON_NAME = AppIcon;
				INFOPLIST_FILE = Selfigram/Info.plist;
				LD_RUNPATH_SEARCH_PATHS = "$(inherited) @executable_path/Frameworks";
				PRODUCT_BUNDLE_IDENTIFIER = Connie.Selfigram;
				PRODUCT_NAME = "$(TARGET_NAME)";
				SWIFT_VERSION = 3.0;
			};
			name = Debug;
		};
		49C574481F42A2200003FFEA /* Release */ = {
			isa = XCBuildConfiguration;
			buildSettings = {
				ASSETCATALOG_COMPILER_APPICON_NAME = AppIcon;
				INFOPLIST_FILE = Selfigram/Info.plist;
				LD_RUNPATH_SEARCH_PATHS = "$(inherited) @executable_path/Frameworks";
				PRODUCT_BUNDLE_IDENTIFIER = Connie.Selfigram;
				PRODUCT_NAME = "$(TARGET_NAME)";
				SWIFT_VERSION = 3.0;
			};
			name = Release;
		};
		49C5744A1F42A2200003FFEA /* Debug */ = {
			isa = XCBuildConfiguration;
			buildSettings = {
				ALWAYS_EMBED_SWIFT_STANDARD_LIBRARIES = YES;
				BUNDLE_LOADER = "$(TEST_HOST)";
				INFOPLIST_FILE = SelfigramTests/Info.plist;
				LD_RUNPATH_SEARCH_PATHS = "$(inherited) @executable_path/Frameworks @loader_path/Frameworks";
				PRODUCT_BUNDLE_IDENTIFIER = Connie.SelfigramTests;
				PRODUCT_NAME = "$(TARGET_NAME)";
				SWIFT_VERSION = 3.0;
				TEST_HOST = "$(BUILT_PRODUCTS_DIR)/Selfigram.app/Selfigram";
			};
			name = Debug;
		};
		49C5744B1F42A2200003FFEA /* Release */ = {
			isa = XCBuildConfiguration;
			buildSettings = {
				ALWAYS_EMBED_SWIFT_STANDARD_LIBRARIES = YES;
				BUNDLE_LOADER = "$(TEST_HOST)";
				INFOPLIST_FILE = SelfigramTests/Info.plist;
				LD_RUNPATH_SEARCH_PATHS = "$(inherited) @executable_path/Frameworks @loader_path/Frameworks";
				PRODUCT_BUNDLE_IDENTIFIER = Connie.SelfigramTests;
				PRODUCT_NAME = "$(TARGET_NAME)";
				SWIFT_VERSION = 3.0;
				TEST_HOST = "$(BUILT_PRODUCTS_DIR)/Selfigram.app/Selfigram";
			};
			name = Release;
		};
		49C5744D1F42A2200003FFEA /* Debug */ = {
			isa = XCBuildConfiguration;
			buildSettings = {
				ALWAYS_EMBED_SWIFT_STANDARD_LIBRARIES = YES;
				INFOPLIST_FILE = SelfigramUITests/Info.plist;
				LD_RUNPATH_SEARCH_PATHS = "$(inherited) @executable_path/Frameworks @loader_path/Frameworks";
				PRODUCT_BUNDLE_IDENTIFIER = Connie.SelfigramUITests;
				PRODUCT_NAME = "$(TARGET_NAME)";
				SWIFT_VERSION = 3.0;
				TEST_TARGET_NAME = Selfigram;
			};
			name = Debug;
		};
		49C5744E1F42A2200003FFEA /* Release */ = {
			isa = XCBuildConfiguration;
			buildSettings = {
				ALWAYS_EMBED_SWIFT_STANDARD_LIBRARIES = YES;
				INFOPLIST_FILE = SelfigramUITests/Info.plist;
				LD_RUNPATH_SEARCH_PATHS = "$(inherited) @executable_path/Frameworks @loader_path/Frameworks";
				PRODUCT_BUNDLE_IDENTIFIER = Connie.SelfigramUITests;
				PRODUCT_NAME = "$(TARGET_NAME)";
				SWIFT_VERSION = 3.0;
				TEST_TARGET_NAME = Selfigram;
			};
			name = Release;
		};
/* End XCBuildConfiguration section */

/* Begin XCConfigurationList section */
		49C574191F42A2200003FFEA /* Build configuration list for PBXProject "Selfigram" */ = {
			isa = XCConfigurationList;
			buildConfigurations = (
				49C574441F42A2200003FFEA /* Debug */,
				49C574451F42A2200003FFEA /* Release */,
			);
			defaultConfigurationIsVisible = 0;
			defaultConfigurationName = Release;
		};
		49C574461F42A2200003FFEA /* Build configuration list for PBXNativeTarget "Selfigram" */ = {
			isa = XCConfigurationList;
			buildConfigurations = (
				49C574471F42A2200003FFEA /* Debug */,
				49C574481F42A2200003FFEA /* Release */,
			);
			defaultConfigurationIsVisible = 0;
		};
		49C574491F42A2200003FFEA /* Build configuration list for PBXNativeTarget "SelfigramTests" */ = {
			isa = XCConfigurationList;
			buildConfigurations = (
				49C5744A1F42A2200003FFEA /* Debug */,
				49C5744B1F42A2200003FFEA /* Release */,
			);
			defaultConfigurationIsVisible = 0;
		};
		49C5744C1F42A2200003FFEA /* Build configuration list for PBXNativeTarget "SelfigramUITests" */ = {
			isa = XCConfigurationList;
			buildConfigurations = (
				49C5744D1F42A2200003FFEA /* Debug */,
				49C5744E1F42A2200003FFEA /* Release */,
			);
			defaultConfigurationIsVisible = 0;
		};
/* End XCConfigurationList section */
	};
	rootObject = 49C574161F42A2200003FFEA /* Project object */;
}
